
Microsoft Visual Studio Solution File, Format Version 12.00
# Visual Studio Version 16
VisualStudioVersion = 16.0.29519.87
MinimumVisualStudioVersion = 10.0.40219.1
Project("{FAE04EC0-301F-11D3-BF4B-00C04F79EFBC}") = "29FirstApp", "29FirstApp\29FirstApp.csproj", "{135E0DB0-0B35-459B-8D8B-893FAA9822CE}"
EndProject
Global
	GlobalSection(SolutionConfigurationPlatforms) = preSolution
		Debug|Any CPU = Debug|Any CPU
		Release|Any CPU = Release|Any CPU
	EndGlobalSection
	GlobalSection(ProjectConfigurationPlatforms) = postSolution
		{135E0DB0-0B35-459B-8D8B-893FAA9822CE}.Debug|Any CPU.ActiveCfg = Debug|Any CPU
		{135E0DB0-0B35-459B-8D8B-893FAA9822CE}.Debug|Any CPU.Build.0 = Debug|Any CPU
		{135E0DB0-0B35-459B-8D8B-893FAA9822CE}.Release|Any CPU.ActiveCfg = Release|Any CPU
		{135E0DB0-0B35-459B-8D8B-893FAA9822CE}.Release|Any CPU.Build.0 = Release|Any CPU
	EndGlobalSection
	GlobalSection(SolutionProperties) = preSolution
		HideSolutionNode = FALSE
	EndGlobalSection
	GlobalSection(ExtensibilityGlobals) = postSolution
		SolutionGuid = {89CA9A27-D6F1-4A83-93CC-91427CC491E5}
	EndGlobalSection
EndGlobal
