
Microsoft Visual Studio Solution File, Format Version 12.00
# Visual Studio Version 16
VisualStudioVersion = 16.0.29519.87
MinimumVisualStudioVersion = 10.0.40219.1
Project("{FAE04EC0-301F-11D3-BF4B-00C04F79EFBC}") = "22FirstApp", "22FirstApp\22FirstApp.csproj", "{F530B027-BAAA-4E25-AD6E-E8085CA55EED}"
EndProject
Global
	GlobalSection(SolutionConfigurationPlatforms) = preSolution
		Debug|Any CPU = Debug|Any CPU
		Release|Any CPU = Release|Any CPU
	EndGlobalSection
	GlobalSection(ProjectConfigurationPlatforms) = postSolution
		{F530B027-BAAA-4E25-AD6E-E8085CA55EED}.Debug|Any CPU.ActiveCfg = Debug|Any CPU
		{F530B027-BAAA-4E25-AD6E-E8085CA55EED}.Debug|Any CPU.Build.0 = Debug|Any CPU
		{F530B027-BAAA-4E25-AD6E-E8085CA55EED}.Release|Any CPU.ActiveCfg = Release|Any CPU
		{F530B027-BAAA-4E25-AD6E-E8085CA55EED}.Release|Any CPU.Build.0 = Release|Any CPU
	EndGlobalSection
	GlobalSection(SolutionProperties) = preSolution
		HideSolutionNode = FALSE
	EndGlobalSection
	GlobalSection(ExtensibilityGlobals) = postSolution
		SolutionGuid = {3E48B2CC-CDD5-4FFD-8BB8-1401D7D69697}
	EndGlobalSection
EndGlobal
