
Microsoft Visual Studio Solution File, Format Version 12.00
# Visual Studio Version 16
VisualStudioVersion = 16.0.29519.87
MinimumVisualStudioVersion = 10.0.40219.1
Project("{FAE04EC0-301F-11D3-BF4B-00C04F79EFBC}") = "18FirstApp", "18FirstApp\18FirstApp.csproj", "{5DD3303B-AC8C-4E15-861E-B94D38F0C891}"
EndProject
Global
	GlobalSection(SolutionConfigurationPlatforms) = preSolution
		Debug|Any CPU = Debug|Any CPU
		Release|Any CPU = Release|Any CPU
	EndGlobalSection
	GlobalSection(ProjectConfigurationPlatforms) = postSolution
		{5DD3303B-AC8C-4E15-861E-B94D38F0C891}.Debug|Any CPU.ActiveCfg = Debug|Any CPU
		{5DD3303B-AC8C-4E15-861E-B94D38F0C891}.Debug|Any CPU.Build.0 = Debug|Any CPU
		{5DD3303B-AC8C-4E15-861E-B94D38F0C891}.Release|Any CPU.ActiveCfg = Release|Any CPU
		{5DD3303B-AC8C-4E15-861E-B94D38F0C891}.Release|Any CPU.Build.0 = Release|Any CPU
	EndGlobalSection
	GlobalSection(SolutionProperties) = preSolution
		HideSolutionNode = FALSE
	EndGlobalSection
	GlobalSection(ExtensibilityGlobals) = postSolution
		SolutionGuid = {EAECAC91-6AC5-45CC-BA45-20DC086DBAFB}
	EndGlobalSection
EndGlobal
