
Microsoft Visual Studio Solution File, Format Version 12.00
# Visual Studio Version 16
VisualStudioVersion = 16.0.29519.87
MinimumVisualStudioVersion = 10.0.40219.1
Project("{FAE04EC0-301F-11D3-BF4B-00C04F79EFBC}") = "7FirstApp", "7FirstApp\7FirstApp.csproj", "{F696DC84-98CF-4004-98E5-0BD0D25AA517}"
EndProject
Global
	GlobalSection(SolutionConfigurationPlatforms) = preSolution
		Debug|Any CPU = Debug|Any CPU
		Release|Any CPU = Release|Any CPU
	EndGlobalSection
	GlobalSection(ProjectConfigurationPlatforms) = postSolution
		{F696DC84-98CF-4004-98E5-0BD0D25AA517}.Debug|Any CPU.ActiveCfg = Debug|Any CPU
		{F696DC84-98CF-4004-98E5-0BD0D25AA517}.Debug|Any CPU.Build.0 = Debug|Any CPU
		{F696DC84-98CF-4004-98E5-0BD0D25AA517}.Release|Any CPU.ActiveCfg = Release|Any CPU
		{F696DC84-98CF-4004-98E5-0BD0D25AA517}.Release|Any CPU.Build.0 = Release|Any CPU
	EndGlobalSection
	GlobalSection(SolutionProperties) = preSolution
		HideSolutionNode = FALSE
	EndGlobalSection
	GlobalSection(ExtensibilityGlobals) = postSolution
		SolutionGuid = {709469A9-D60A-4894-9A4E-94A2A39CFA94}
	EndGlobalSection
EndGlobal
