
Microsoft Visual Studio Solution File, Format Version 12.00
# Visual Studio Version 16
VisualStudioVersion = 16.0.29519.87
MinimumVisualStudioVersion = 10.0.40219.1
Project("{FAE04EC0-301F-11D3-BF4B-00C04F79EFBC}") = "11FirstApp", "11FirstApp\11FirstApp.csproj", "{31DDD16E-FE1E-407F-AF23-B7B3F1462E7B}"
EndProject
Global
	GlobalSection(SolutionConfigurationPlatforms) = preSolution
		Debug|Any CPU = Debug|Any CPU
		Release|Any CPU = Release|Any CPU
	EndGlobalSection
	GlobalSection(ProjectConfigurationPlatforms) = postSolution
		{31DDD16E-FE1E-407F-AF23-B7B3F1462E7B}.Debug|Any CPU.ActiveCfg = Debug|Any CPU
		{31DDD16E-FE1E-407F-AF23-B7B3F1462E7B}.Debug|Any CPU.Build.0 = Debug|Any CPU
		{31DDD16E-FE1E-407F-AF23-B7B3F1462E7B}.Release|Any CPU.ActiveCfg = Release|Any CPU
		{31DDD16E-FE1E-407F-AF23-B7B3F1462E7B}.Release|Any CPU.Build.0 = Release|Any CPU
	EndGlobalSection
	GlobalSection(SolutionProperties) = preSolution
		HideSolutionNode = FALSE
	EndGlobalSection
	GlobalSection(ExtensibilityGlobals) = postSolution
		SolutionGuid = {A989228A-92B7-4213-80A2-184A184B3719}
	EndGlobalSection
EndGlobal
